
Microsoft Visual Studio Solution File, Format Version 12.00
# Visual Studio Version 16
VisualStudioVersion = 16.0.29503.13
MinimumVisualStudioVersion = 10.0.40219.1
Project("{FAE04EC0-301F-11D3-BF4B-00C04F79EFBC}") = "Calculator", "Calculator\Calculator.csproj", "{BC97260A-4176-4CC7-B261-F92B6C8B412F}"
EndProject
Project("{FAE04EC0-301F-11D3-BF4B-00C04F79EFBC}") = "CalculatorTests", "CalculatorTests\CalculatorTests.csproj", "{1ECF699A-0562-4721-833A-860255766FCC}"
EndProject
Global
	GlobalSection(SolutionConfigurationPlatforms) = preSolution
		Debug|Any CPU = Debug|Any CPU
		Release|Any CPU = Release|Any CPU
	EndGlobalSection
	GlobalSection(ProjectConfigurationPlatforms) = postSolution
		{BC97260A-4176-4CC7-B261-F92B6C8B412F}.Debug|Any CPU.ActiveCfg = Debug|Any CPU
		{BC97260A-4176-4CC7-B261-F92B6C8B412F}.Debug|Any CPU.Build.0 = Debug|Any CPU
		{BC97260A-4176-4CC7-B261-F92B6C8B412F}.Release|Any CPU.ActiveCfg = Release|Any CPU
		{BC97260A-4176-4CC7-B261-F92B6C8B412F}.Release|Any CPU.Build.0 = Release|Any CPU
		{1ECF699A-0562-4721-833A-860255766FCC}.Debug|Any CPU.ActiveCfg = Debug|Any CPU
		{1ECF699A-0562-4721-833A-860255766FCC}.Debug|Any CPU.Build.0 = Debug|Any CPU
		{1ECF699A-0562-4721-833A-860255766FCC}.Release|Any CPU.ActiveCfg = Release|Any CPU
		{1ECF699A-0562-4721-833A-860255766FCC}.Release|Any CPU.Build.0 = Release|Any CPU
	EndGlobalSection
	GlobalSection(SolutionProperties) = preSolution
		HideSolutionNode = FALSE
	EndGlobalSection
	GlobalSection(ExtensibilityGlobals) = postSolution
		SolutionGuid = {2167713E-4FFD-4DF2-8BEB-4771E352F2AC}
	EndGlobalSection
EndGlobal
